
Microsoft Visual Studio Solution File, Format Version 12.00
# Visual Studio Version 16
VisualStudioVersion = 16.0.31729.503
MinimumVisualStudioVersion = 10.0.40219.1
Project("{9A19103F-16F7-4668-BE54-9A1E7A4F7556}") = "BancoNeoris.Api.Cliente", "BancoNeoris.Api.Cliente\BancoNeoris.Api.Cliente.csproj", "{7DFF2038-8E09-4EE6-A6B5-389385682110}"
EndProject
Project("{9A19103F-16F7-4668-BE54-9A1E7A4F7556}") = "BancoNeoris.Api.Cuenta", "BancoNeoris.Api.Cuenta\BancoNeoris.Api.Cuenta.csproj", "{17A67718-A154-40C4-BDE5-65A33581361D}"
EndProject
Project("{9A19103F-16F7-4668-BE54-9A1E7A4F7556}") = "BancoNeoris.Api.Movimiento", "BancoNeoris.Api.Movimiento\BancoNeoris.Api.Movimiento.csproj", "{079854BE-D3F4-4E5E-8000-6D9B219CF64B}"
EndProject
Project("{9A19103F-16F7-4668-BE54-9A1E7A4F7556}") = "BancoNeoris.Api.Gateway", "BancoNeoris.Api.Gateway\BancoNeoris.Api.Gateway.csproj", "{52C8C9B8-EA40-4849-BD66-2A78DE0550FC}"
EndProject
Project("{9A19103F-16F7-4668-BE54-9A1E7A4F7556}") = "BancoNeoris.Api.Tests", "BancoNeoris.Api.Tests\BancoNeoris.Api.Tests.csproj", "{F2A1E00A-50E4-4679-BC43-0861D48CCD67}"
EndProject
Project("{E53339B2-1760-4266-BCC7-CA923CBCF16C}") = "docker-compose", "docker-compose.dcproj", "{59324B49-8D8F-41BF-B75B-3A2D88F7D72E}"
EndProject
Global
	GlobalSection(SolutionConfigurationPlatforms) = preSolution
		Debug|Any CPU = Debug|Any CPU
		Release|Any CPU = Release|Any CPU
	EndGlobalSection
	GlobalSection(ProjectConfigurationPlatforms) = postSolution
		{7DFF2038-8E09-4EE6-A6B5-389385682110}.Debug|Any CPU.ActiveCfg = Debug|Any CPU
		{7DFF2038-8E09-4EE6-A6B5-389385682110}.Debug|Any CPU.Build.0 = Debug|Any CPU
		{7DFF2038-8E09-4EE6-A6B5-389385682110}.Release|Any CPU.ActiveCfg = Release|Any CPU
		{7DFF2038-8E09-4EE6-A6B5-389385682110}.Release|Any CPU.Build.0 = Release|Any CPU
		{17A67718-A154-40C4-BDE5-65A33581361D}.Debug|Any CPU.ActiveCfg = Debug|Any CPU
		{17A67718-A154-40C4-BDE5-65A33581361D}.Debug|Any CPU.Build.0 = Debug|Any CPU
		{17A67718-A154-40C4-BDE5-65A33581361D}.Release|Any CPU.ActiveCfg = Release|Any CPU
		{17A67718-A154-40C4-BDE5-65A33581361D}.Release|Any CPU.Build.0 = Release|Any CPU
		{079854BE-D3F4-4E5E-8000-6D9B219CF64B}.Debug|Any CPU.ActiveCfg = Debug|Any CPU
		{079854BE-D3F4-4E5E-8000-6D9B219CF64B}.Debug|Any CPU.Build.0 = Debug|Any CPU
		{079854BE-D3F4-4E5E-8000-6D9B219CF64B}.Release|Any CPU.ActiveCfg = Release|Any CPU
		{079854BE-D3F4-4E5E-8000-6D9B219CF64B}.Release|Any CPU.Build.0 = Release|Any CPU
		{52C8C9B8-EA40-4849-BD66-2A78DE0550FC}.Debug|Any CPU.ActiveCfg = Debug|Any CPU
		{52C8C9B8-EA40-4849-BD66-2A78DE0550FC}.Debug|Any CPU.Build.0 = Debug|Any CPU
		{52C8C9B8-EA40-4849-BD66-2A78DE0550FC}.Release|Any CPU.ActiveCfg = Release|Any CPU
		{52C8C9B8-EA40-4849-BD66-2A78DE0550FC}.Release|Any CPU.Build.0 = Release|Any CPU
		{F2A1E00A-50E4-4679-BC43-0861D48CCD67}.Debug|Any CPU.ActiveCfg = Debug|Any CPU
		{F2A1E00A-50E4-4679-BC43-0861D48CCD67}.Debug|Any CPU.Build.0 = Debug|Any CPU
		{F2A1E00A-50E4-4679-BC43-0861D48CCD67}.Release|Any CPU.ActiveCfg = Release|Any CPU
		{F2A1E00A-50E4-4679-BC43-0861D48CCD67}.Release|Any CPU.Build.0 = Release|Any CPU
		{59324B49-8D8F-41BF-B75B-3A2D88F7D72E}.Debug|Any CPU.ActiveCfg = Debug|Any CPU
		{59324B49-8D8F-41BF-B75B-3A2D88F7D72E}.Debug|Any CPU.Build.0 = Debug|Any CPU
		{59324B49-8D8F-41BF-B75B-3A2D88F7D72E}.Release|Any CPU.ActiveCfg = Release|Any CPU
		{59324B49-8D8F-41BF-B75B-3A2D88F7D72E}.Release|Any CPU.Build.0 = Release|Any CPU
	EndGlobalSection
	GlobalSection(SolutionProperties) = preSolution
		HideSolutionNode = FALSE
	EndGlobalSection
	GlobalSection(ExtensibilityGlobals) = postSolution
		SolutionGuid = {E1FC5434-B5BA-4B09-809D-2CDFFAB6EC38}
	EndGlobalSection
EndGlobal
